<Solution>
  <Project Path="../V1(deprecated)/Setup/Setup.vdproj" Type="Installer">
    <Build />
  </Project>
  <Project Path="HL7Tester.Core/HL7Tester.Core.csproj" />
  <Project Path="HL7Tester.Tests/HL7Tester.Tests.csproj" />
  <Project Path="HL7Tester/HL7Tester.csproj">
    <Deploy Solution="Debug|*" />
  </Project>
</Solution>
