
Microsoft Visual Studio Solution File, Format Version 12.00
# Visual Studio Version 17
VisualStudioVersion = 17.11.35327.3
MinimumVisualStudioVersion = 10.0.40219.1
Project("{9A19103F-16F7-4668-BE54-9A1E7A4F7556}") = "HL7Tester", "HL7MessageGenerator\HL7Tester.csproj", "{7152C078-B49E-47BF-B049-DAC8477FD9A1}"
EndProject
Project("{54435603-DBB4-11D2-8724-00A0C9A8B90C}") = "HL7Setup", "Setup\Setup.vdproj", "{1E95884F-3185-46A7-BAF1-883A890670BD}"
EndProject
Global
	GlobalSection(SolutionConfigurationPlatforms) = preSolution
		Debug|Any CPU = Debug|Any CPU
		Release|Any CPU = Release|Any CPU
	EndGlobalSection
	GlobalSection(ProjectConfigurationPlatforms) = postSolution
		{7152C078-B49E-47BF-B049-DAC8477FD9A1}.Debug|Any CPU.ActiveCfg = Debug|Any CPU
		{7152C078-B49E-47BF-B049-DAC8477FD9A1}.Debug|Any CPU.Build.0 = Debug|Any CPU
		{7152C078-B49E-47BF-B049-DAC8477FD9A1}.Release|Any CPU.ActiveCfg = Release|Any CPU
		{7152C078-B49E-47BF-B049-DAC8477FD9A1}.Release|Any CPU.Build.0 = Release|Any CPU
		{1E95884F-3185-46A7-BAF1-883A890670BD}.Debug|Any CPU.ActiveCfg = Debug
		{1E95884F-3185-46A7-BAF1-883A890670BD}.Release|Any CPU.ActiveCfg = Release
	EndGlobalSection
	GlobalSection(SolutionProperties) = preSolution
		HideSolutionNode = FALSE
	EndGlobalSection
	GlobalSection(ExtensibilityGlobals) = postSolution
		SolutionGuid = {ADF8D61E-DCE2-406F-8FB8-EA9DA2C2633A}
	EndGlobalSection
EndGlobal
